
Microsoft Visual Studio Solution File, Format Version 12.00
# Visual Studio 15
VisualStudioVersion = 15.0.28307.489
MinimumVisualStudioVersion = 10.0.40219.1
Project("{FAE04EC0-301F-11D3-BF4B-00C04F79EFBC}") = "Dynamics365.Monitoring.WebResources", "Dynamics365.Monitoring.WebResources\Dynamics365.Monitoring.WebResources.csproj", "{5719205E-BAD4-46B1-9890-CC986E4B10B3}"
EndProject
Project("{FAE04EC0-301F-11D3-BF4B-00C04F79EFBC}") = "Dynamics365.Monitoring.Plugins.UnitTests", "Dynamics365.Monitoring.Plugins.UnitTests\Dynamics365.Monitoring.Plugins.UnitTests.csproj", "{787D5C5B-432B-4BC5-B860-9562DF7FE9B0}"
EndProject
Project("{FAE04EC0-301F-11D3-BF4B-00C04F79EFBC}") = "Dynamics365.Monitoring.Plugins", "Dynamics365.Monitoring.Plugins\Dynamics365.Monitoring.Plugins.csproj", "{DF9F0213-6C0F-41C3-9C35-5078301EDFD0}"
EndProject
Global
	GlobalSection(SolutionConfigurationPlatforms) = preSolution
		Debug|Any CPU = Debug|Any CPU
		Release|Any CPU = Release|Any CPU
	EndGlobalSection
	GlobalSection(ProjectConfigurationPlatforms) = postSolution
		{5719205E-BAD4-46B1-9890-CC986E4B10B3}.Debug|Any CPU.ActiveCfg = Debug|Any CPU
		{5719205E-BAD4-46B1-9890-CC986E4B10B3}.Debug|Any CPU.Build.0 = Debug|Any CPU
		{5719205E-BAD4-46B1-9890-CC986E4B10B3}.Release|Any CPU.ActiveCfg = Release|Any CPU
		{5719205E-BAD4-46B1-9890-CC986E4B10B3}.Release|Any CPU.Build.0 = Release|Any CPU
		{787D5C5B-432B-4BC5-B860-9562DF7FE9B0}.Debug|Any CPU.ActiveCfg = Debug|Any CPU
		{787D5C5B-432B-4BC5-B860-9562DF7FE9B0}.Debug|Any CPU.Build.0 = Debug|Any CPU
		{787D5C5B-432B-4BC5-B860-9562DF7FE9B0}.Release|Any CPU.ActiveCfg = Release|Any CPU
		{787D5C5B-432B-4BC5-B860-9562DF7FE9B0}.Release|Any CPU.Build.0 = Release|Any CPU
		{DF9F0213-6C0F-41C3-9C35-5078301EDFD0}.Debug|Any CPU.ActiveCfg = Debug|Any CPU
		{DF9F0213-6C0F-41C3-9C35-5078301EDFD0}.Debug|Any CPU.Build.0 = Debug|Any CPU
		{DF9F0213-6C0F-41C3-9C35-5078301EDFD0}.Release|Any CPU.ActiveCfg = Release|Any CPU
		{DF9F0213-6C0F-41C3-9C35-5078301EDFD0}.Release|Any CPU.Build.0 = Release|Any CPU
	EndGlobalSection
	GlobalSection(SolutionProperties) = preSolution
		HideSolutionNode = FALSE
	EndGlobalSection
	GlobalSection(ExtensibilityGlobals) = postSolution
		SolutionGuid = {86E66049-02DB-46A6-B7EE-893D972785C4}
	EndGlobalSection
EndGlobal
